
Microsoft Visual Studio Solution File, Format Version 12.00
# Visual Studio 15
VisualStudioVersion = 15.0.28307.421
MinimumVisualStudioVersion = 10.0.40219.1
Project("{9A19103F-16F7-4668-BE54-9A1E7A4F7556}") = "Plagiarism_Engine", "Plagiarism_Engine\Plagiarism_Engine.csproj", "{84C24181-42B8-4B49-A15C-29E505BE3D22}"
EndProject
Project("{9A19103F-16F7-4668-BE54-9A1E7A4F7556}") = "Tester", "Tester\Tester.csproj", "{C66AD655-B7C9-4FA0-885B-3403CADD7944}"
EndProject
Project("{9A19103F-16F7-4668-BE54-9A1E7A4F7556}") = "Plagiarism_Engine_Models", "Plagiarism_Engine_Models\Plagiarism_Engine_Models.csproj", "{5B7CBC09-0EB8-4C0C-9C3D-4A5BA449FC02}"
EndProject
Project("{FAE04EC0-301F-11D3-BF4B-00C04F79EFBC}") = "Plagiarism_Engine_Function", "Plagiarism_Engine_Function\Plagiarism_Engine_Function.csproj", "{353724AD-51F2-418D-A336-C8DC76064417}"
EndProject
Global
	GlobalSection(SolutionConfigurationPlatforms) = preSolution
		Debug|Any CPU = Debug|Any CPU
		Release|Any CPU = Release|Any CPU
	EndGlobalSection
	GlobalSection(ProjectConfigurationPlatforms) = postSolution
		{84C24181-42B8-4B49-A15C-29E505BE3D22}.Debug|Any CPU.ActiveCfg = Debug|Any CPU
		{84C24181-42B8-4B49-A15C-29E505BE3D22}.Debug|Any CPU.Build.0 = Debug|Any CPU
		{84C24181-42B8-4B49-A15C-29E505BE3D22}.Release|Any CPU.ActiveCfg = Release|Any CPU
		{84C24181-42B8-4B49-A15C-29E505BE3D22}.Release|Any CPU.Build.0 = Release|Any CPU
		{C66AD655-B7C9-4FA0-885B-3403CADD7944}.Debug|Any CPU.ActiveCfg = Debug|Any CPU
		{C66AD655-B7C9-4FA0-885B-3403CADD7944}.Debug|Any CPU.Build.0 = Debug|Any CPU
		{C66AD655-B7C9-4FA0-885B-3403CADD7944}.Release|Any CPU.ActiveCfg = Release|Any CPU
		{C66AD655-B7C9-4FA0-885B-3403CADD7944}.Release|Any CPU.Build.0 = Release|Any CPU
		{5B7CBC09-0EB8-4C0C-9C3D-4A5BA449FC02}.Debug|Any CPU.ActiveCfg = Debug|Any CPU
		{5B7CBC09-0EB8-4C0C-9C3D-4A5BA449FC02}.Debug|Any CPU.Build.0 = Debug|Any CPU
		{5B7CBC09-0EB8-4C0C-9C3D-4A5BA449FC02}.Release|Any CPU.ActiveCfg = Release|Any CPU
		{5B7CBC09-0EB8-4C0C-9C3D-4A5BA449FC02}.Release|Any CPU.Build.0 = Release|Any CPU
		{353724AD-51F2-418D-A336-C8DC76064417}.Debug|Any CPU.ActiveCfg = Debug|Any CPU
		{353724AD-51F2-418D-A336-C8DC76064417}.Debug|Any CPU.Build.0 = Debug|Any CPU
		{353724AD-51F2-418D-A336-C8DC76064417}.Release|Any CPU.ActiveCfg = Release|Any CPU
		{353724AD-51F2-418D-A336-C8DC76064417}.Release|Any CPU.Build.0 = Release|Any CPU
	EndGlobalSection
	GlobalSection(SolutionProperties) = preSolution
		HideSolutionNode = FALSE
	EndGlobalSection
	GlobalSection(ExtensibilityGlobals) = postSolution
		SolutionGuid = {A3677D0A-7BBF-4C67-BA29-0BCBF1CCA2A3}
	EndGlobalSection
EndGlobal
